Microsoft Visual Studio Solution File, Format Version 12.00
# Visual Studio Version 17
VisualStudioVersion = 17.5.2.0
MinimumVisualStudioVersion = 10.0.40219.1
Project("{FAE04EC0-301F-11D3-BF4B-00C04F79EFBC}") = "School_Management_System.Tests", "School_Management_System.Tests.csproj", "{5DB818E4-2E27-9A81-693E-BCBFD190B95C}"
EndProject
Global
	GlobalSection(SolutionConfigurationPlatforms) = preSolution
		Debug|Any CPU = Debug|Any CPU
		Release|Any CPU = Release|Any CPU
	EndGlobalSection
	GlobalSection(ProjectConfigurationPlatforms) = postSolution
		{5DB818E4-2E27-9A81-693E-BCBFD190B95C}.Debug|Any CPU.ActiveCfg = Debug|Any CPU
		{5DB818E4-2E27-9A81-693E-BCBFD190B95C}.Debug|Any CPU.Build.0 = Debug|Any CPU
		{5DB818E4-2E27-9A81-693E-BCBFD190B95C}.Release|Any CPU.ActiveCfg = Release|Any CPU
		{5DB818E4-2E27-9A81-693E-BCBFD190B95C}.Release|Any CPU.Build.0 = Release|Any CPU
	EndGlobalSection
	GlobalSection(SolutionProperties) = preSolution
		HideSolutionNode = FALSE
	EndGlobalSection
	GlobalSection(ExtensibilityGlobals) = postSolution
		SolutionGuid = {41BF77F6-0825-4C3C-B26F-7642520A288D}
	EndGlobalSection
EndGlobal
